
Microsoft Visual Studio Solution File, Format Version 12.00
# Visual Studio 14
VisualStudioVersion = 14.0.25420.1
MinimumVisualStudioVersion = 10.0.40219.1
Project("{FAE04EC0-301F-11D3-BF4B-00C04F79EFBC}") = "IB_DistanceCalculator", "IB_DistanceCalculator\IB_DistanceCalculator.csproj", "{F27BB754-9287-4E62-961D-84F8944946C4}"
EndProject
Project("{FAE04EC0-301F-11D3-BF4B-00C04F79EFBC}") = "IB_TaxCalculator", "IB_TaxCalculator\IB_TaxCalculator.csproj", "{503B6676-8999-4193-87D9-1CF2F2A55497}"
EndProject
Project("{FAE04EC0-301F-11D3-BF4B-00C04F79EFBC}") = "IB_FactorialFinder", "IB_FactorialFinder\IB_FactorialFinder.csproj", "{B68044D2-8D16-472C-B541-D6A5920E7E9C}"
EndProject
Project("{FAE04EC0-301F-11D3-BF4B-00C04F79EFBC}") = "IB_HappyNumbers", "IB_HappyNumbers\IB_HappyNumbers.csproj", "{40597150-BF83-40E0-BA56-3A229F8E8CF1}"
EndProject
Global
	GlobalSection(SolutionConfigurationPlatforms) = preSolution
		Debug|Any CPU = Debug|Any CPU
		Release|Any CPU = Release|Any CPU
	EndGlobalSection
	GlobalSection(ProjectConfigurationPlatforms) = postSolution
		{F27BB754-9287-4E62-961D-84F8944946C4}.Debug|Any CPU.ActiveCfg = Debug|Any CPU
		{F27BB754-9287-4E62-961D-84F8944946C4}.Debug|Any CPU.Build.0 = Debug|Any CPU
		{F27BB754-9287-4E62-961D-84F8944946C4}.Release|Any CPU.ActiveCfg = Release|Any CPU
		{F27BB754-9287-4E62-961D-84F8944946C4}.Release|Any CPU.Build.0 = Release|Any CPU
		{503B6676-8999-4193-87D9-1CF2F2A55497}.Debug|Any CPU.ActiveCfg = Debug|Any CPU
		{503B6676-8999-4193-87D9-1CF2F2A55497}.Debug|Any CPU.Build.0 = Debug|Any CPU
		{503B6676-8999-4193-87D9-1CF2F2A55497}.Release|Any CPU.ActiveCfg = Release|Any CPU
		{503B6676-8999-4193-87D9-1CF2F2A55497}.Release|Any CPU.Build.0 = Release|Any CPU
		{B68044D2-8D16-472C-B541-D6A5920E7E9C}.Debug|Any CPU.ActiveCfg = Debug|Any CPU
		{B68044D2-8D16-472C-B541-D6A5920E7E9C}.Debug|Any CPU.Build.0 = Debug|Any CPU
		{B68044D2-8D16-472C-B541-D6A5920E7E9C}.Release|Any CPU.ActiveCfg = Release|Any CPU
		{B68044D2-8D16-472C-B541-D6A5920E7E9C}.Release|Any CPU.Build.0 = Release|Any CPU
		{40597150-BF83-40E0-BA56-3A229F8E8CF1}.Debug|Any CPU.ActiveCfg = Debug|Any CPU
		{40597150-BF83-40E0-BA56-3A229F8E8CF1}.Debug|Any CPU.Build.0 = Debug|Any CPU
		{40597150-BF83-40E0-BA56-3A229F8E8CF1}.Release|Any CPU.ActiveCfg = Release|Any CPU
		{40597150-BF83-40E0-BA56-3A229F8E8CF1}.Release|Any CPU.Build.0 = Release|Any CPU
	EndGlobalSection
	GlobalSection(SolutionProperties) = preSolution
		HideSolutionNode = FALSE
	EndGlobalSection
EndGlobal
